
Microsoft Visual Studio Solution File, Format Version 11.00
# Visual Studio 2010
Project("{FAE04EC0-301F-11D3-BF4B-00C04F79EFBC}") = "cslint", "cslint.csproj", "{3D8B0C12-81C8-4D46-8EDD-309CF41EAC18}"
EndProject
Global
	GlobalSection(SolutionConfigurationPlatforms) = preSolution
		Debug|x86 = Debug|x86
		Release|x86 = Release|x86
		Debug|Any CPU = Debug|Any CPU
		Release|Any CPU = Release|Any CPU
	EndGlobalSection
	GlobalSection(ProjectConfigurationPlatforms) = postSolution
		{3D8B0C12-81C8-4D46-8EDD-309CF41EAC18}.Debug|Any CPU.ActiveCfg = Debug|Any CPU
		{3D8B0C12-81C8-4D46-8EDD-309CF41EAC18}.Debug|Any CPU.Build.0 = Debug|Any CPU
		{3D8B0C12-81C8-4D46-8EDD-309CF41EAC18}.Debug|x86.ActiveCfg = Debug|Any CPU
		{3D8B0C12-81C8-4D46-8EDD-309CF41EAC18}.Debug|x86.Build.0 = Debug|Any CPU
		{3D8B0C12-81C8-4D46-8EDD-309CF41EAC18}.Release|Any CPU.ActiveCfg = Release|Any CPU
		{3D8B0C12-81C8-4D46-8EDD-309CF41EAC18}.Release|Any CPU.Build.0 = Release|Any CPU
		{3D8B0C12-81C8-4D46-8EDD-309CF41EAC18}.Release|x86.ActiveCfg = Debug|Any CPU
		{3D8B0C12-81C8-4D46-8EDD-309CF41EAC18}.Release|x86.Build.0 = Debug|Any CPU
	EndGlobalSection
	GlobalSection(MonoDevelopProperties) = preSolution
		StartupItem = cslint.csproj
	EndGlobalSection
EndGlobal
